
Microsoft Visual Studio Solution File, Format Version 12.00
# Visual Studio Version 17
VisualStudioVersion = 17.8.34525.116
MinimumVisualStudioVersion = 10.0.40219.1
Project("{9A19103F-16F7-4668-BE54-9A1E7A4F7556}") = "DistanceTask", "DistanceTask.csproj", "{1F829E56-FACB-4974-8BEA-08BD2F7A9370}"
EndProject
Global
	GlobalSection(SolutionConfigurationPlatforms) = preSolution
		Debug|Any CPU = Debug|Any CPU
		Release|Any CPU = Release|Any CPU
	EndGlobalSection
	GlobalSection(ProjectConfigurationPlatforms) = postSolution
		{1F829E56-FACB-4974-8BEA-08BD2F7A9370}.Debug|Any CPU.ActiveCfg = Debug|Any CPU
		{1F829E56-FACB-4974-8BEA-08BD2F7A9370}.Debug|Any CPU.Build.0 = Debug|Any CPU
		{1F829E56-FACB-4974-8BEA-08BD2F7A9370}.Release|Any CPU.ActiveCfg = Release|Any CPU
		{1F829E56-FACB-4974-8BEA-08BD2F7A9370}.Release|Any CPU.Build.0 = Release|Any CPU
	EndGlobalSection
	GlobalSection(SolutionProperties) = preSolution
		HideSolutionNode = FALSE
	EndGlobalSection
	GlobalSection(ExtensibilityGlobals) = postSolution
		SolutionGuid = {0C2543BC-6372-4246-A3E1-5DB5EE15B0A6}
	EndGlobalSection
EndGlobal
